
Microsoft Visual Studio Solution File, Format Version 12.00
# Visual Studio Version 17
VisualStudioVersion = 17.14.37710.0 d17.14
MinimumVisualStudioVersion = 10.0.40219.1
Project("{FAE04EC0-301F-11D3-BF4B-00C04F79EFBC}") = "SchoolDomain", "SchoolDomain\SchoolDomain.csproj", "{A3DD2D92-5AFD-4ECF-B4B7-1858468A8D40}"
EndProject
Project("{FAE04EC0-301F-11D3-BF4B-00C04F79EFBC}") = "SchoolInfrustructure", "SchoolInfrustructure\SchoolInfrustructure.csproj", "{B7F82579-08BD-4156-91CA-352B4C5F435C}"
EndProject
Project("{FAE04EC0-301F-11D3-BF4B-00C04F79EFBC}") = "SchoolApplication", "SchoolApplication\SchoolApplication.csproj", "{C1FACBA6-15F8-485B-A4C2-B191CD892932}"
EndProject
Project("{FAE04EC0-301F-11D3-BF4B-00C04F79EFBC}") = "School.Web", "School.Web\School.Web.csproj", "{FD1FE46B-6F31-4AF6-941D-F524867BBBF6}"
EndProject
Global
	GlobalSection(SolutionConfigurationPlatforms) = preSolution
		Debug|Any CPU = Debug|Any CPU
		Release|Any CPU = Release|Any CPU
	EndGlobalSection
	GlobalSection(ProjectConfigurationPlatforms) = postSolution
		{A3DD2D92-5AFD-4ECF-B4B7-1858468A8D40}.Debug|Any CPU.ActiveCfg = Debug|Any CPU
		{A3DD2D92-5AFD-4ECF-B4B7-1858468A8D40}.Debug|Any CPU.Build.0 = Debug|Any CPU
		{A3DD2D92-5AFD-4ECF-B4B7-1858468A8D40}.Release|Any CPU.ActiveCfg = Release|Any CPU
		{A3DD2D92-5AFD-4ECF-B4B7-1858468A8D40}.Release|Any CPU.Build.0 = Release|Any CPU
		{B7F82579-08BD-4156-91CA-352B4C5F435C}.Debug|Any CPU.ActiveCfg = Debug|Any CPU
		{B7F82579-08BD-4156-91CA-352B4C5F435C}.Debug|Any CPU.Build.0 = Debug|Any CPU
		{B7F82579-08BD-4156-91CA-352B4C5F435C}.Release|Any CPU.ActiveCfg = Release|Any CPU
		{B7F82579-08BD-4156-91CA-352B4C5F435C}.Release|Any CPU.Build.0 = Release|Any CPU
		{C1FACBA6-15F8-485B-A4C2-B191CD892932}.Debug|Any CPU.ActiveCfg = Debug|Any CPU
		{C1FACBA6-15F8-485B-A4C2-B191CD892932}.Debug|Any CPU.Build.0 = Debug|Any CPU
		{C1FACBA6-15F8-485B-A4C2-B191CD892932}.Release|Any CPU.ActiveCfg = Release|Any CPU
		{C1FACBA6-15F8-485B-A4C2-B191CD892932}.Release|Any CPU.Build.0 = Release|Any CPU
		{FD1FE46B-6F31-4AF6-941D-F524867BBBF6}.Debug|Any CPU.ActiveCfg = Debug|Any CPU
		{FD1FE46B-6F31-4AF6-941D-F524867BBBF6}.Debug|Any CPU.Build.0 = Debug|Any CPU
		{FD1FE46B-6F31-4AF6-941D-F524867BBBF6}.Release|Any CPU.ActiveCfg = Release|Any CPU
		{FD1FE46B-6F31-4AF6-941D-F524867BBBF6}.Release|Any CPU.Build.0 = Release|Any CPU
	EndGlobalSection
	GlobalSection(SolutionProperties) = preSolution
		HideSolutionNode = FALSE
	EndGlobalSection
	GlobalSection(ExtensibilityGlobals) = postSolution
		SolutionGuid = {2F51B4C3-9F07-4321-A997-6D0E559976A4}
	EndGlobalSection
EndGlobal
